// !$*UTF8*$!
{
	archiveVersion = 1;
	classes = {
	};
	objectVersion = 46;
	objects = {

/* Begin PBXBuildFile section */
		F2AD85DF1BDFF88600B448D3 /* main.m in Sources */ = {isa = PBXBuildFile; fileRef = F2AD85DE1BDFF88600B448D3 /* main.m */; };
		F2AD85E71BDFF9C600B448D3 /* Ghostbin.m in Sources */ = {isa = PBXBuildFile; fileRef = F2AD85E61BDFF9C600B448D3 /* Ghostbin.m */; };
/* End PBXBuildFile section */

/* Begin PBXCopyFilesBuildPhase section */
		F2AD85D91BDFF88600B448D3 /* CopyFiles */ = {
			isa = PBXCopyFilesBuildPhase;
			buildActionMask = 2147483647;
			dstPath = /usr/share/man/man1/;
			dstSubfolderSpec = 0;
			files = (
			);
			runOnlyForDeploymentPostprocessing = 1;
		};
/* End PBXCopyFilesBuildPhase section */

/* Begin PBXFileReference section */
		F2AD85DB1BDFF88600B448D3 /* ghostbin */ = {isa = PBXFileReference; explicitFileType = "compiled.mach-o.executable"; includeInIndex = 0; path = ghostbin; sourceTree = BUILT_PRODUCTS_DIR; };
		F2AD85DE1BDFF88600B448D3 /* main.m */ = {isa = PBXFileReference; lastKnownFileType = sourcecode.c.objc; path = main.m; sourceTree = "<group>"; };
		F2AD85E51BDFF9C600B448D3 /* Ghostbin.h */ = {isa = PBXFileReference; fileEncoding = 4; lastKnownFileType = sourcecode.c.h; path = Ghostbin.h; sourceTree = "<group>"; };
		F2AD85E61BDFF9C600B448D3 /* Ghostbin.m */ = {isa = PBXFileReference; fileEncoding = 4; lastKnownFileType = sourcecode.c.objc; path = Ghostbin.m; sourceTree = "<group>"; };
/* End PBXFileReference section */

/* Begin PBXFrameworksBuildPhase section */
		F2AD85D81BDFF88600B448D3 /* Frameworks */ = {
			isa = PBXFrameworksBuildPhase;
			buildActionMask = 2147483647;
			files = (
			);
			runOnlyForDeploymentPostprocessing = 0;
		};
/* End PBXFrameworksBuildPhase section */

/* Begin PBXGroup section */
		F2AD85D21BDFF88600B448D3 = {
			isa = PBXGroup;
			children = (
				F2AD85DD1BDFF88600B448D3 /* ghostbin */,
				F2AD85DC1BDFF88600B448D3 /* Products */,
			);
			sourceTree = "<group>";
		};
		F2AD85DC1BDFF88600B448D3 /* Products */ = {
			isa = PBXGroup;
			children = (
				F2AD85DB1BDFF88600B448D3 /* ghostbin */,
			);
			name = Products;
			sourceTree = "<group>";
		};
		F2AD85DD1BDFF88600B448D3 /* ghostbin */ = {
			isa = PBXGroup;
			children = (
				F2AD85DE1BDFF88600B448D3 /* main.m */,
				F2AD85E51BDFF9C600B448D3 /* Ghostbin.h */,
				F2AD85E61BDFF9C600B448D3 /* Ghostbin.m */,
			);
			path = ghostbin;
			sourceTree = "<group>";
		};
/* End PBXGroup section */

/* Begin PBXNativeTarget section */
		F2AD85DA1BDFF88600B448D3 /* ghostbin */ = {
			isa = PBXNativeTarget;
			buildConfigurationList = F2AD85E21BDFF88600B448D3 /* Build configuration list for PBXNativeTarget "ghostbin" */;
			buildPhases = (
				F2AD85D71BDFF88600B448D3 /* Sources */,
				F2AD85D81BDFF88600B448D3 /* Frameworks */,
				F2AD85D91BDFF88600B448D3 /* CopyFiles */,
			);
			buildRules = (
			);
			dependencies = (
			);
			name = ghostbin;
			productName = ghostbin;
			productReference = F2AD85DB1BDFF88600B448D3 /* ghostbin */;
			productType = "com.apple.product-type.tool";
		};
/* End PBXNativeTarget section */

/* Begin PBXProject section */
		F2AD85D31BDFF88600B448D3 /* Project object */ = {
			isa = PBXProject;
			attributes = {
				LastUpgradeCheck = 0710;
				ORGANIZATIONNAME = satori;
				TargetAttributes = {
					F2AD85DA1BDFF88600B448D3 = {
						CreatedOnToolsVersion = 7.1;
					};
				};
			};
			buildConfigurationList = F2AD85D61BDFF88600B448D3 /* Build configuration list for PBXProject "ghostbin" */;
			compatibilityVersion = "Xcode 3.2";
			developmentRegion = English;
			hasScannedForEncodings = 0;
			knownRegions = (
				en,
			);
			mainGroup = F2AD85D21BDFF88600B448D3;
			productRefGroup = F2AD85DC1BDFF88600B448D3 /* Products */;
			projectDirPath = "";
			projectRoot = "";
			targets = (
				F2AD85DA1BDFF88600B448D3 /* ghostbin */,
			);
		};
/* End PBXProject section */

/* Begin PBXSourcesBuildPhase section */
		F2AD85D71BDFF88600B448D3 /* Sources */ = {
			isa = PBXSourcesBuildPhase;
			buildActionMask = 2147483647;
			files = (
				F2AD85DF1BDFF88600B448D3 /* main.m in Sources */,
				F2AD85E71BDFF9C600B448D3 /* Ghostbin.m in Sources */,
			);
			runOnlyForDeploymentPostprocessing = 0;
		};
/* End PBXSourcesBuildPhase section */

/* Begin XCBuildConfiguration section */
		F2AD85E01BDFF88600B448D3 /* Debug */ = {
			isa = XCBuildConfiguration;
			buildSettings = {
				ALWAYS_SEARCH_USER_PATHS = NO;
				CLANG_CXX_LANGUAGE_STANDARD = "gnu++0x";
				CLANG_CXX_LIBRARY = "libc++";
				CLANG_ENABLE_MODULES = YES;
				CLANG_ENABLE_OBJC_ARC = YES;
				CLANG_WARN_BOOL_CONVERSION = YES;
				CLANG_WARN_CONSTANT_CONVERSION = YES;
				CLANG_WARN_DIRECT_OBJC_ISA_USAGE = YES_ERROR;
				CLANG_WARN_EMPTY_BODY = YES;
				CLANG_WARN_ENUM_CONVERSION = YES;
				CLANG_WARN_INT_CONVERSION = YES;
				CLANG_WARN_OBJC_ROOT_CLASS = YES_ERROR;
				CLANG_WARN_UNREACHABLE_CODE = YES;
				CLANG_WARN__DUPLICATE_METHOD_MATCH = YES;
				CODE_SIGN_IDENTITY = "-";
				COPY_PHASE_STRIP = NO;
				DEBUG_INFORMATION_FORMAT = dwarf;
				ENABLE_STRICT_OBJC_MSGSEND = YES;
				ENABLE_TESTABILITY = YES;
				GCC_C_LANGUAGE_STANDARD = gnu99;
				GCC_DYNAMIC_NO_PIC = NO;
				GCC_NO_COMMON_BLOCKS = YES;
				GCC_OPTIMIZATION_LEVEL = 0;
				GCC_PREPROCESSOR_DEFINITIONS = (
					"DEBUG=1",
					"$(inherited)",
				);
				GCC_WARN_64_TO_32_BIT_CONVERSION = YES;
				GCC_WARN_ABOUT_RETURN_TYPE = YES_ERROR;
				GCC_WARN_UNDECLARED_SELECTOR = YES;
				GCC_WARN_UNINITIALIZED_AUTOS = YES_AGGRESSIVE;
				GCC_WARN_UNUSED_FUNCTION = YES;
				GCC_WARN_UNUSED_VARIABLE = YES;
				MACOSX_DEPLOYMENT_TARGET = 10.11;
				MTL_ENABLE_DEBUG_INFO = YES;
				ONLY_ACTIVE_ARCH = YES;
				SDKROOT = macosx;
			};
			name = Debug;
		};
		F2AD85E11BDFF88600B448D3 /* Release */ = {
			isa = XCBuildConfiguration;
			buildSettings = {
				ALWAYS_SEARCH_USER_PATHS = NO;
				CLANG_CXX_LANGUAGE_STANDARD = "gnu++0x";
				CLANG_CXX_LIBRARY = "libc++";
				CLANG_ENABLE_MODULES = YES;
				CLANG_ENABLE_OBJC_ARC = YES;
				CLANG_WARN_BOOL_CONVERSION = YES;
				CLANG_WARN_CONSTANT_CONVERSION = YES;
				CLANG_WARN_DIRECT_OBJC_ISA_USAGE = YES_ERROR;
				CLANG_WARN_EMPTY_BODY = YES;
				CLANG_WARN_ENUM_CONVERSION = YES;
				CLANG_WARN_INT_CONVERSION = YES;
				CLANG_WARN_OBJC_ROOT_CLASS = YES_ERROR;
				CLANG_WARN_UNREACHABLE_CODE = YES;
				CLANG_WARN__DUPLICATE_METHOD_MATCH = YES;
				CODE_SIGN_IDENTITY = "-";
				COPY_PHASE_STRIP = NO;
				DEBUG_INFORMATION_FORMAT = "dwarf-with-dsym";
				ENABLE_NS_ASSERTIONS = NO;
				ENABLE_STRICT_OBJC_MSGSEND = YES;
				GCC_C_LANGUAGE_STANDARD = gnu99;
				GCC_NO_COMMON_BLOCKS = YES;
				GCC_WARN_64_TO_32_BIT_CONVERSION = YES;
				GCC_WARN_ABOUT_RETURN_TYPE = YES_ERROR;
				GCC_WARN_UNDECLARED_SELECTOR = YES;
				GCC_WARN_UNINITIALIZED_AUTOS = YES_AGGRESSIVE;
				GCC_WARN_UNUSED_FUNCTION = YES;
				GCC_WARN_UNUSED_VARIABLE = YES;
				MACOSX_DEPLOYMENT_TARGET = 10.11;
				MTL_ENABLE_DEBUG_INFO = NO;
				SDKROOT = macosx;
			};
			name = Release;
		};
		F2AD85E31BDFF88600B448D3 /* Debug */ = {
			isa = XCBuildConfiguration;
			buildSettings = {
				PRODUCT_NAME = "$(TARGET_NAME)";
			};
			name = Debug;
		};
		F2AD85E41BDFF88600B448D3 /* Release */ = {
			isa = XCBuildConfiguration;
			buildSettings = {
				PRODUCT_NAME = "$(TARGET_NAME)";
			};
			name = Release;
		};
/* End XCBuildConfiguration section */

/* Begin XCConfigurationList section */
		F2AD85D61BDFF88600B448D3 /* Build configuration list for PBXProject "ghostbin" */ = {
			isa = XCConfigurationList;
			buildConfigurations = (
				F2AD85E01BDFF88600B448D3 /* Debug */,
				F2AD85E11BDFF88600B448D3 /* Release */,
			);
			defaultConfigurationIsVisible = 0;
			defaultConfigurationName = Release;
		};
		F2AD85E21BDFF88600B448D3 /* Build configuration list for PBXNativeTarget "ghostbin" */ = {
			isa = XCConfigurationList;
			buildConfigurations = (
				F2AD85E31BDFF88600B448D3 /* Debug */,
				F2AD85E41BDFF88600B448D3 /* Release */,
			);
			defaultConfigurationIsVisible = 0;
		};
/* End XCConfigurationList section */
	};
	rootObject = F2AD85D31BDFF88600B448D3 /* Project object */;
}
